
Microsoft Visual Studio Solution File, Format Version 12.00
# Visual Studio Version 17
VisualStudioVersion = 17.13.35825.156 d17.13
MinimumVisualStudioVersion = 10.0.40219.1
Project("{FAE04EC0-301F-11D3-BF4B-00C04F79EFBC}") = "WindowsFormsApp1", "WindowsFormsApp1\WindowsFormsApp1.csproj", "{90CC3955-5E2F-4A14-BF65-A0356BC9A116}"
EndProject
Global
	GlobalSection(SolutionConfigurationPlatforms) = preSolution
		Debug|Any CPU = Debug|Any CPU
		Release|Any CPU = Release|Any CPU
	EndGlobalSection
	GlobalSection(ProjectConfigurationPlatforms) = postSolution
		{90CC3955-5E2F-4A14-BF65-A0356BC9A116}.Debug|Any CPU.ActiveCfg = Debug|Any CPU
		{90CC3955-5E2F-4A14-BF65-A0356BC9A116}.Debug|Any CPU.Build.0 = Debug|Any CPU
		{90CC3955-5E2F-4A14-BF65-A0356BC9A116}.Release|Any CPU.ActiveCfg = Release|Any CPU
		{90CC3955-5E2F-4A14-BF65-A0356BC9A116}.Release|Any CPU.Build.0 = Release|Any CPU
	EndGlobalSection
	GlobalSection(SolutionProperties) = preSolution
		HideSolutionNode = FALSE
	EndGlobalSection
	GlobalSection(ExtensibilityGlobals) = postSolution
		SolutionGuid = {4A4F52CB-8831-4719-B0CB-AF268C3DF552}
	EndGlobalSection
EndGlobal
